
Microsoft Visual Studio Solution File, Format Version 12.00
# Visual Studio Version 16
VisualStudioVersion = 16.0.32106.194
MinimumVisualStudioVersion = 10.0.40219.1
Project("{FAE04EC0-301F-11D3-BF4B-00C04F79EFBC}") = "ClasificadorLego", "ClasificadorLego\ClasificadorLego.csproj", "{57FEC678-53B1-470F-953A-3E0C16E8046F}"
EndProject
Global
	GlobalSection(SolutionConfigurationPlatforms) = preSolution
		Debug|Any CPU = Debug|Any CPU
		Release|Any CPU = Release|Any CPU
	EndGlobalSection
	GlobalSection(ProjectConfigurationPlatforms) = postSolution
		{57FEC678-53B1-470F-953A-3E0C16E8046F}.Debug|Any CPU.ActiveCfg = Debug|Any CPU
		{57FEC678-53B1-470F-953A-3E0C16E8046F}.Debug|Any CPU.Build.0 = Debug|Any CPU
		{57FEC678-53B1-470F-953A-3E0C16E8046F}.Release|Any CPU.ActiveCfg = Release|Any CPU
		{57FEC678-53B1-470F-953A-3E0C16E8046F}.Release|Any CPU.Build.0 = Release|Any CPU
	EndGlobalSection
	GlobalSection(SolutionProperties) = preSolution
		HideSolutionNode = FALSE
	EndGlobalSection
	GlobalSection(ExtensibilityGlobals) = postSolution
		SolutionGuid = {43332F4E-FC54-434C-BC2C-ED7DACCACF34}
	EndGlobalSection
EndGlobal
